// !$*UTF8*$!
{
	archiveVersion = 1;
	classes = {
	};
	objectVersion = 46;
	objects = {

/* Begin PBXBuildFile section */
		997766AD1AF5674E008F7A98 /* AppDelegate.swift in Sources */ = {isa = PBXBuildFile; fileRef = 997766AC1AF5674E008F7A98 /* AppDelegate.swift */; };
		997766AF1AF5674E008F7A98 /* ViewController.swift in Sources */ = {isa = PBXBuildFile; fileRef = 997766AE1AF5674E008F7A98 /* ViewController.swift */; };
		997766B21AF5674E008F7A98 /* Main.storyboard in Resources */ = {isa = PBXBuildFile; fileRef = 997766B01AF5674E008F7A98 /* Main.storyboard */; };
		997766B41AF5674E008F7A98 /* Images.xcassets in Resources */ = {isa = PBXBuildFile; fileRef = 997766B31AF5674E008F7A98 /* Images.xcassets */; };
		997766B71AF5674E008F7A98 /* LaunchScreen.xib in Resources */ = {isa = PBXBuildFile; fileRef = 997766B51AF5674E008F7A98 /* LaunchScreen.xib */; };
		997766C31AF5674E008F7A98 /* CyPhyBitDateTests.swift in Sources */ = {isa = PBXBuildFile; fileRef = 997766C21AF5674E008F7A98 /* CyPhyBitDateTests.swift */; };
/* End PBXBuildFile section */

/* Begin PBXContainerItemProxy section */
		997766BD1AF5674E008F7A98 /* PBXContainerItemProxy */ = {
			isa = PBXContainerItemProxy;
			containerPortal = 9977669F1AF5674E008F7A98 /* Project object */;
			proxyType = 1;
			remoteGlobalIDString = 997766A61AF5674E008F7A98;
			remoteInfo = CyPhyBitDate;
		};
/* End PBXContainerItemProxy section */

/* Begin PBXFileReference section */
		997766A71AF5674E008F7A98 /* CyPhyBitDate.app */ = {isa = PBXFileReference; explicitFileType = wrapper.application; includeInIndex = 0; path = CyPhyBitDate.app; sourceTree = BUILT_PRODUCTS_DIR; };
		997766AB1AF5674E008F7A98 /* Info.plist */ = {isa = PBXFileReference; lastKnownFileType = text.plist.xml; path = Info.plist; sourceTree = "<group>"; };
		997766AC1AF5674E008F7A98 /* AppDelegate.swift */ = {isa = PBXFileReference; lastKnownFileType = sourcecode.swift; path = AppDelegate.swift; sourceTree = "<group>"; };
		997766AE1AF5674E008F7A98 /* ViewController.swift */ = {isa = PBXFileReference; lastKnownFileType = sourcecode.swift; path = ViewController.swift; sourceTree = "<group>"; };
		997766B11AF5674E008F7A98 /* Base */ = {isa = PBXFileReference; lastKnownFileType = file.storyboard; name = Base; path = Base.lproj/Main.storyboard; sourceTree = "<group>"; };
		997766B31AF5674E008F7A98 /* Images.xcassets */ = {isa = PBXFileReference; lastKnownFileType = folder.assetcatalog; path = Images.xcassets; sourceTree = "<group>"; };
		997766B61AF5674E008F7A98 /* Base */ = {isa = PBXFileReference; lastKnownFileType = file.xib; name = Base; path = Base.lproj/LaunchScreen.xib; sourceTree = "<group>"; };
		997766BC1AF5674E008F7A98 /* CyPhyBitDateTests.xctest */ = {isa = PBXFileReference; explicitFileType = wrapper.cfbundle; includeInIndex = 0; path = CyPhyBitDateTests.xctest; sourceTree = BUILT_PRODUCTS_DIR; };
		997766C11AF5674E008F7A98 /* Info.plist */ = {isa = PBXFileReference; lastKnownFileType = text.plist.xml; path = Info.plist; sourceTree = "<group>"; };
		997766C21AF5674E008F7A98 /* CyPhyBitDateTests.swift */ = {isa = PBXFileReference; lastKnownFileType = sourcecode.swift; path = CyPhyBitDateTests.swift; sourceTree = "<group>"; };
/* End PBXFileReference section */

/* Begin PBXFrameworksBuildPhase section */
		997766A41AF5674E008F7A98 /* Frameworks */ = {
			isa = PBXFrameworksBuildPhase;
			buildActionMask = 2147483647;
			files = (
			);
			runOnlyForDeploymentPostprocessing = 0;
		};
		997766B91AF5674E008F7A98 /* Frameworks */ = {
			isa = PBXFrameworksBuildPhase;
			buildActionMask = 2147483647;
			files = (
			);
			runOnlyForDeploymentPostprocessing = 0;
		};
/* End PBXFrameworksBuildPhase section */

/* Begin PBXGroup section */
		9977669E1AF5674E008F7A98 = {
			isa = PBXGroup;
			children = (
				997766A91AF5674E008F7A98 /* CyPhyBitDate */,
				997766BF1AF5674E008F7A98 /* CyPhyBitDateTests */,
				997766A81AF5674E008F7A98 /* Products */,
			);
			sourceTree = "<group>";
		};
		997766A81AF5674E008F7A98 /* Products */ = {
			isa = PBXGroup;
			children = (
				997766A71AF5674E008F7A98 /* CyPhyBitDate.app */,
				997766BC1AF5674E008F7A98 /* CyPhyBitDateTests.xctest */,
			);
			name = Products;
			sourceTree = "<group>";
		};
		997766A91AF5674E008F7A98 /* CyPhyBitDate */ = {
			isa = PBXGroup;
			children = (
				997766AC1AF5674E008F7A98 /* AppDelegate.swift */,
				997766AE1AF5674E008F7A98 /* ViewController.swift */,
				997766B01AF5674E008F7A98 /* Main.storyboard */,
				997766B31AF5674E008F7A98 /* Images.xcassets */,
				997766B51AF5674E008F7A98 /* LaunchScreen.xib */,
				997766AA1AF5674E008F7A98 /* Supporting Files */,
			);
			path = CyPhyBitDate;
			sourceTree = "<group>";
		};
		997766AA1AF5674E008F7A98 /* Supporting Files */ = {
			isa = PBXGroup;
			children = (
				997766AB1AF5674E008F7A98 /* Info.plist */,
			);
			name = "Supporting Files";
			sourceTree = "<group>";
		};
		997766BF1AF5674E008F7A98 /* CyPhyBitDateTests */ = {
			isa = PBXGroup;
			children = (
				997766C21AF5674E008F7A98 /* CyPhyBitDateTests.swift */,
				997766C01AF5674E008F7A98 /* Supporting Files */,
			);
			path = CyPhyBitDateTests;
			sourceTree = "<group>";
		};
		997766C01AF5674E008F7A98 /* Supporting Files */ = {
			isa = PBXGroup;
			children = (
				997766C11AF5674E008F7A98 /* Info.plist */,
			);
			name = "Supporting Files";
			sourceTree = "<group>";
		};
/* End PBXGroup section */

/* Begin PBXNativeTarget section */
		997766A61AF5674E008F7A98 /* CyPhyBitDate */ = {
			isa = PBXNativeTarget;
			buildConfigurationList = 997766C61AF5674E008F7A98 /* Build configuration list for PBXNativeTarget "CyPhyBitDate" */;
			buildPhases = (
				997766A31AF5674E008F7A98 /* Sources */,
				997766A41AF5674E008F7A98 /* Frameworks */,
				997766A51AF5674E008F7A98 /* Resources */,
			);
			buildRules = (
			);
			dependencies = (
			);
			name = CyPhyBitDate;
			productName = CyPhyBitDate;
			productReference = 997766A71AF5674E008F7A98 /* CyPhyBitDate.app */;
			productType = "com.apple.product-type.application";
		};
		997766BB1AF5674E008F7A98 /* CyPhyBitDateTests */ = {
			isa = PBXNativeTarget;
			buildConfigurationList = 997766C91AF5674E008F7A98 /* Build configuration list for PBXNativeTarget "CyPhyBitDateTests" */;
			buildPhases = (
				997766B81AF5674E008F7A98 /* Sources */,
				997766B91AF5674E008F7A98 /* Frameworks */,
				997766BA1AF5674E008F7A98 /* Resources */,
			);
			buildRules = (
			);
			dependencies = (
				997766BE1AF5674E008F7A98 /* PBXTargetDependency */,
			);
			name = CyPhyBitDateTests;
			productName = CyPhyBitDateTests;
			productReference = 997766BC1AF5674E008F7A98 /* CyPhyBitDateTests.xctest */;
			productType = "com.apple.product-type.bundle.unit-test";
		};
/* End PBXNativeTarget section */

/* Begin PBXProject section */
		9977669F1AF5674E008F7A98 /* Project object */ = {
			isa = PBXProject;
			attributes = {
				LastUpgradeCheck = 0630;
				ORGANIZATIONNAME = "Matt Linaberry";
				TargetAttributes = {
					997766A61AF5674E008F7A98 = {
						CreatedOnToolsVersion = 6.3;
					};
					997766BB1AF5674E008F7A98 = {
						CreatedOnToolsVersion = 6.3;
						TestTargetID = 997766A61AF5674E008F7A98;
					};
				};
			};
			buildConfigurationList = 997766A21AF5674E008F7A98 /* Build configuration list for PBXProject "CyPhyBitDate" */;
			compatibilityVersion = "Xcode 3.2";
			developmentRegion = English;
			hasScannedForEncodings = 0;
			knownRegions = (
				en,
				Base,
			);
			mainGroup = 9977669E1AF5674E008F7A98;
			productRefGroup = 997766A81AF5674E008F7A98 /* Products */;
			projectDirPath = "";
			projectRoot = "";
			targets = (
				997766A61AF5674E008F7A98 /* CyPhyBitDate */,
				997766BB1AF5674E008F7A98 /* CyPhyBitDateTests */,
			);
		};
/* End PBXProject section */

/* Begin PBXResourcesBuildPhase section */
		997766A51AF5674E008F7A98 /* Resources */ = {
			isa = PBXResourcesBuildPhase;
			buildActionMask = 2147483647;
			files = (
				997766B21AF5674E008F7A98 /* Main.storyboard in Resources */,
				997766B71AF5674E008F7A98 /* LaunchScreen.xib in Resources */,
				997766B41AF5674E008F7A98 /* Images.xcassets in Resources */,
			);
			runOnlyForDeploymentPostprocessing = 0;
		};
		997766BA1AF5674E008F7A98 /* Resources */ = {
			isa = PBXResourcesBuildPhase;
			buildActionMask = 2147483647;
			files = (
			);
			runOnlyForDeploymentPostprocessing = 0;
		};
/* End PBXResourcesBuildPhase section */

/* Begin PBXSourcesBuildPhase section */
		997766A31AF5674E008F7A98 /* Sources */ = {
			isa = PBXSourcesBuildPhase;
			buildActionMask = 2147483647;
			files = (
				997766AF1AF5674E008F7A98 /* ViewController.swift in Sources */,
				997766AD1AF5674E008F7A98 /* AppDelegate.swift in Sources */,
			);
			runOnlyForDeploymentPostprocessing = 0;
		};
		997766B81AF5674E008F7A98 /* Sources */ = {
			isa = PBXSourcesBuildPhase;
			buildActionMask = 2147483647;
			files = (
				997766C31AF5674E008F7A98 /* CyPhyBitDateTests.swift in Sources */,
			);
			runOnlyForDeploymentPostprocessing = 0;
		};
/* End PBXSourcesBuildPhase section */

/* Begin PBXTargetDependency section */
		997766BE1AF5674E008F7A98 /* PBXTargetDependency */ = {
			isa = PBXTargetDependency;
			target = 997766A61AF5674E008F7A98 /* CyPhyBitDate */;
			targetProxy = 997766BD1AF5674E008F7A98 /* PBXContainerItemProxy */;
		};
/* End PBXTargetDependency section */

/* Begin PBXVariantGroup section */
		997766B01AF5674E008F7A98 /* Main.storyboard */ = {
			isa = PBXVariantGroup;
			children = (
				997766B11AF5674E008F7A98 /* Base */,
			);
			name = Main.storyboard;
			sourceTree = "<group>";
		};
		997766B51AF5674E008F7A98 /* LaunchScreen.xib */ = {
			isa = PBXVariantGroup;
			children = (
				997766B61AF5674E008F7A98 /* Base */,
			);
			name = LaunchScreen.xib;
			sourceTree = "<group>";
		};
/* End PBXVariantGroup section */

/* Begin XCBuildConfiguration section */
		997766C41AF5674E008F7A98 /* Debug */ = {
			isa = XCBuildConfiguration;
			buildSettings = {
				ALWAYS_SEARCH_USER_PATHS = NO;
				CLANG_CXX_LANGUAGE_STANDARD = "gnu++0x";
				CLANG_CXX_LIBRARY = "libc++";
				CLANG_ENABLE_MODULES = YES;
				CLANG_ENABLE_OBJC_ARC = YES;
				CLANG_WARN_BOOL_CONVERSION = YES;
				CLANG_WARN_CONSTANT_CONVERSION = YES;
				CLANG_WARN_DIRECT_OBJC_ISA_USAGE = YES_ERROR;
				CLANG_WARN_EMPTY_BODY = YES;
				CLANG_WARN_ENUM_CONVERSION = YES;
				CLANG_WARN_INT_CONVERSION = YES;
				CLANG_WARN_OBJC_ROOT_CLASS = YES_ERROR;
				CLANG_WARN_UNREACHABLE_CODE = YES;
				CLANG_WARN__DUPLICATE_METHOD_MATCH = YES;
				"CODE_SIGN_IDENTITY[sdk=iphoneos*]" = "iPhone Developer";
				COPY_PHASE_STRIP = NO;
				DEBUG_INFORMATION_FORMAT = "dwarf-with-dsym";
				ENABLE_STRICT_OBJC_MSGSEND = YES;
				GCC_C_LANGUAGE_STANDARD = gnu99;
				GCC_DYNAMIC_NO_PIC = NO;
				GCC_NO_COMMON_BLOCKS = YES;
				GCC_OPTIMIZATION_LEVEL = 0;
				GCC_PREPROCESSOR_DEFINITIONS = (
					"DEBUG=1",
					"$(inherited)",
				);
				GCC_SYMBOLS_PRIVATE_EXTERN = NO;
				GCC_WARN_64_TO_32_BIT_CONVERSION = YES;
				GCC_WARN_ABOUT_RETURN_TYPE = YES_ERROR;
				GCC_WARN_UNDECLARED_SELECTOR = YES;
				GCC_WARN_UNINITIALIZED_AUTOS = YES_AGGRESSIVE;
				GCC_WARN_UNUSED_FUNCTION = YES;
				GCC_WARN_UNUSED_VARIABLE = YES;
				IPHONEOS_DEPLOYMENT_TARGET = 8.3;
				MTL_ENABLE_DEBUG_INFO = YES;
				ONLY_ACTIVE_ARCH = YES;
				SDKROOT = iphoneos;
				SWIFT_OPTIMIZATION_LEVEL = "-Onone";
				TARGETED_DEVICE_FAMILY = "1,2";
			};
			name = Debug;
		};
		997766C51AF5674E008F7A98 /* Release */ = {
			isa = XCBuildConfiguration;
			buildSettings = {
				ALWAYS_SEARCH_USER_PATHS = NO;
				CLANG_CXX_LANGUAGE_STANDARD = "gnu++0x";
				CLANG_CXX_LIBRARY = "libc++";
				CLANG_ENABLE_MODULES = YES;
				CLANG_ENABLE_OBJC_ARC = YES;
				CLANG_WARN_BOOL_CONVERSION = YES;
				CLANG_WARN_CONSTANT_CONVERSION = YES;
				CLANG_WARN_DIRECT_OBJC_ISA_USAGE = YES_ERROR;
				CLANG_WARN_EMPTY_BODY = YES;
				CLANG_WARN_ENUM_CONVERSION = YES;
				CLANG_WARN_INT_CONVERSION = YES;
				CLANG_WARN_OBJC_ROOT_CLASS = YES_ERROR;
				CLANG_WARN_UNREACHABLE_CODE = YES;
				CLANG_WARN__DUPLICATE_METHOD_MATCH = YES;
				"CODE_SIGN_IDENTITY[sdk=iphoneos*]" = "iPhone Developer";
				COPY_PHASE_STRIP = NO;
				DEBUG_INFORMATION_FORMAT = "dwarf-with-dsym";
				ENABLE_NS_ASSERTIONS = NO;
				ENABLE_STRICT_OBJC_MSGSEND = YES;
				GCC_C_LANGUAGE_STANDARD = gnu99;
				GCC_NO_COMMON_BLOCKS = YES;
				GCC_WARN_64_TO_32_BIT_CONVERSION = YES;
				GCC_WARN_ABOUT_RETURN_TYPE = YES_ERROR;
				GCC_WARN_UNDECLARED_SELECTOR = YES;
				GCC_WARN_UNINITIALIZED_AUTOS = YES_AGGRESSIVE;
				GCC_WARN_UNUSED_FUNCTION = YES;
				GCC_WARN_UNUSED_VARIABLE = YES;
				IPHONEOS_DEPLOYMENT_TARGET = 8.3;
				MTL_ENABLE_DEBUG_INFO = NO;
				SDKROOT = iphoneos;
				TARGETED_DEVICE_FAMILY = "1,2";
				VALIDATE_PRODUCT = YES;
			};
			name = Release;
		};
		997766C71AF5674E008F7A98 /* Debug */ = {
			isa = XCBuildConfiguration;
			buildSettings = {
				ASSETCATALOG_COMPILER_APPICON_NAME = AppIcon;
				INFOPLIST_FILE = CyPhyBitDate/Info.plist;
				LD_RUNPATH_SEARCH_PATHS = "$(inherited) @executable_path/Frameworks";
				PRODUCT_NAME = "$(TARGET_NAME)";
			};
			name = Debug;
		};
		997766C81AF5674E008F7A98 /* Release */ = {
			isa = XCBuildConfiguration;
			buildSettings = {
				ASSETCATALOG_COMPILER_APPICON_NAME = AppIcon;
				INFOPLIST_FILE = CyPhyBitDate/Info.plist;
				LD_RUNPATH_SEARCH_PATHS = "$(inherited) @executable_path/Frameworks";
				PRODUCT_NAME = "$(TARGET_NAME)";
			};
			name = Release;
		};
		997766CA1AF5674E008F7A98 /* Debug */ = {
			isa = XCBuildConfiguration;
			buildSettings = {
				BUNDLE_LOADER = "$(TEST_HOST)";
				FRAMEWORK_SEARCH_PATHS = (
					"$(SDKROOT)/Developer/Library/Frameworks",
					"$(inherited)",
				);
				GCC_PREPROCESSOR_DEFINITIONS = (
					"DEBUG=1",
					"$(inherited)",
				);
				INFOPLIST_FILE = CyPhyBitDateTests/Info.plist;
				LD_RUNPATH_SEARCH_PATHS = "$(inherited) @executable_path/Frameworks @loader_path/Frameworks";
				PRODUCT_NAME = "$(TARGET_NAME)";
				TEST_HOST = "$(BUILT_PRODUCTS_DIR)/CyPhyBitDate.app/CyPhyBitDate";
			};
			name = Debug;
		};
		997766CB1AF5674E008F7A98 /* Release */ = {
			isa = XCBuildConfiguration;
			buildSettings = {
				BUNDLE_LOADER = "$(TEST_HOST)";
				FRAMEWORK_SEARCH_PATHS = (
					"$(SDKROOT)/Developer/Library/Frameworks",
					"$(inherited)",
				);
				INFOPLIST_FILE = CyPhyBitDateTests/Info.plist;
				LD_RUNPATH_SEARCH_PATHS = "$(inherited) @executable_path/Frameworks @loader_path/Frameworks";
				PRODUCT_NAME = "$(TARGET_NAME)";
				TEST_HOST = "$(BUILT_PRODUCTS_DIR)/CyPhyBitDate.app/CyPhyBitDate";
			};
			name = Release;
		};
/* End XCBuildConfiguration section */

/* Begin XCConfigurationList section */
		997766A21AF5674E008F7A98 /* Build configuration list for PBXProject "CyPhyBitDate" */ = {
			isa = XCConfigurationList;
			buildConfigurations = (
				997766C41AF5674E008F7A98 /* Debug */,
				997766C51AF5674E008F7A98 /* Release */,
			);
			defaultConfigurationIsVisible = 0;
			defaultConfigurationName = Release;
		};
		997766C61AF5674E008F7A98 /* Build configuration list for PBXNativeTarget "CyPhyBitDate" */ = {
			isa = XCConfigurationList;
			buildConfigurations = (
				997766C71AF5674E008F7A98 /* Debug */,
				997766C81AF5674E008F7A98 /* Release */,
			);
			defaultConfigurationIsVisible = 0;
		};
		997766C91AF5674E008F7A98 /* Build configuration list for PBXNativeTarget "CyPhyBitDateTests" */ = {
			isa = XCConfigurationList;
			buildConfigurations = (
				997766CA1AF5674E008F7A98 /* Debug */,
				997766CB1AF5674E008F7A98 /* Release */,
			);
			defaultConfigurationIsVisible = 0;
		};
/* End XCConfigurationList section */
	};
	rootObject = 9977669F1AF5674E008F7A98 /* Project object */;
}
